// !$*UTF8*$!
{
	archiveVersion = 1;
	classes = {
	};
	objectVersion = 56;
	objects = {

/* Begin PBXBuildFile section */
		C8F3929D2A068334006DA8BA /* ContactList_withSUIApp.swift in Sources */ = {isa = PBXBuildFile; fileRef = C8F3929C2A068334006DA8BA /* ContactList_withSUIApp.swift */; };
		C8F3929F2A068334006DA8BA /* ContentView.swift in Sources */ = {isa = PBXBuildFile; fileRef = C8F3929E2A068334006DA8BA /* ContentView.swift */; };
		C8F392A12A068336006DA8BA /* Assets.xcassets in Resources */ = {isa = PBXBuildFile; fileRef = C8F392A02A068336006DA8BA /* Assets.xcassets */; };
		C8F392A42A068336006DA8BA /* Preview Assets.xcassets in Resources */ = {isa = PBXBuildFile; fileRef = C8F392A32A068336006DA8BA /* Preview Assets.xcassets */; };
		C8F392AB2A0683DF006DA8BA /* Person.swift in Sources */ = {isa = PBXBuildFile; fileRef = C8F392AA2A0683DF006DA8BA /* Person.swift */; };
		C8F392AD2A06843F006DA8BA /* ContactListView.swift in Sources */ = {isa = PBXBuildFile; fileRef = C8F392AC2A06843F006DA8BA /* ContactListView.swift */; };
		C8F392AF2A068480006DA8BA /* NumberListView.swift in Sources */ = {isa = PBXBuildFile; fileRef = C8F392AE2A068480006DA8BA /* NumberListView.swift */; };
		C8F392B12A068C08006DA8BA /* PersonDetailsView.swift in Sources */ = {isa = PBXBuildFile; fileRef = C8F392B02A068C08006DA8BA /* PersonDetailsView.swift */; };
		C8F392B32A0691C2006DA8BA /* DataStore.swift in Sources */ = {isa = PBXBuildFile; fileRef = C8F392B22A0691C2006DA8BA /* DataStore.swift */; };
		C8F392B52A06AC1F006DA8BA /* ContactRowView.swift in Sources */ = {isa = PBXBuildFile; fileRef = C8F392B42A06AC1F006DA8BA /* ContactRowView.swift */; };
		C8F392B92A06FBE2006DA8BA /* PersonDetailsRowView.swift in Sources */ = {isa = PBXBuildFile; fileRef = C8F392B82A06FBE2006DA8BA /* PersonDetailsRowView.swift */; };
/* End PBXBuildFile section */

/* Begin PBXFileReference section */
		C8F392992A068334006DA8BA /* ContactList_withSUI.app */ = {isa = PBXFileReference; explicitFileType = wrapper.application; includeInIndex = 0; path = ContactList_withSUI.app; sourceTree = BUILT_PRODUCTS_DIR; };
		C8F3929C2A068334006DA8BA /* ContactList_withSUIApp.swift */ = {isa = PBXFileReference; lastKnownFileType = sourcecode.swift; path = ContactList_withSUIApp.swift; sourceTree = "<group>"; };
		C8F3929E2A068334006DA8BA /* ContentView.swift */ = {isa = PBXFileReference; lastKnownFileType = sourcecode.swift; path = ContentView.swift; sourceTree = "<group>"; };
		C8F392A02A068336006DA8BA /* Assets.xcassets */ = {isa = PBXFileReference; lastKnownFileType = folder.assetcatalog; path = Assets.xcassets; sourceTree = "<group>"; };
		C8F392A32A068336006DA8BA /* Preview Assets.xcassets */ = {isa = PBXFileReference; lastKnownFileType = folder.assetcatalog; path = "Preview Assets.xcassets"; sourceTree = "<group>"; };
		C8F392AA2A0683DF006DA8BA /* Person.swift */ = {isa = PBXFileReference; lastKnownFileType = sourcecode.swift; path = Person.swift; sourceTree = "<group>"; };
		C8F392AC2A06843F006DA8BA /* ContactListView.swift */ = {isa = PBXFileReference; lastKnownFileType = sourcecode.swift; path = ContactListView.swift; sourceTree = "<group>"; };
		C8F392AE2A068480006DA8BA /* NumberListView.swift */ = {isa = PBXFileReference; lastKnownFileType = sourcecode.swift; path = NumberListView.swift; sourceTree = "<group>"; };
		C8F392B02A068C08006DA8BA /* PersonDetailsView.swift */ = {isa = PBXFileReference; lastKnownFileType = sourcecode.swift; path = PersonDetailsView.swift; sourceTree = "<group>"; };
		C8F392B22A0691C2006DA8BA /* DataStore.swift */ = {isa = PBXFileReference; lastKnownFileType = sourcecode.swift; path = DataStore.swift; sourceTree = "<group>"; };
		C8F392B42A06AC1F006DA8BA /* ContactRowView.swift */ = {isa = PBXFileReference; lastKnownFileType = sourcecode.swift; path = ContactRowView.swift; sourceTree = "<group>"; };
		C8F392B82A06FBE2006DA8BA /* PersonDetailsRowView.swift */ = {isa = PBXFileReference; lastKnownFileType = sourcecode.swift; path = PersonDetailsRowView.swift; sourceTree = "<group>"; };
/* End PBXFileReference section */

/* Begin PBXFrameworksBuildPhase section */
		C8F392962A068334006DA8BA /* Frameworks */ = {
			isa = PBXFrameworksBuildPhase;
			buildActionMask = 2147483647;
			files = (
			);
			runOnlyForDeploymentPostprocessing = 0;
		};
/* End PBXFrameworksBuildPhase section */

/* Begin PBXGroup section */
		C8F392902A068334006DA8BA = {
			isa = PBXGroup;
			children = (
				C8F3929B2A068334006DA8BA /* ContactList_withSUI */,
				C8F3929A2A068334006DA8BA /* Products */,
			);
			sourceTree = "<group>";
		};
		C8F3929A2A068334006DA8BA /* Products */ = {
			isa = PBXGroup;
			children = (
				C8F392992A068334006DA8BA /* ContactList_withSUI.app */,
			);
			name = Products;
			sourceTree = "<group>";
		};
		C8F3929B2A068334006DA8BA /* ContactList_withSUI */ = {
			isa = PBXGroup;
			children = (
				C8F392BC2A070E21006DA8BA /* Service */,
				C8F392BB2A070E14006DA8BA /* Models */,
				C8F392BA2A06FDE5006DA8BA /* Views */,
				C8F392A02A068336006DA8BA /* Assets.xcassets */,
				C8F392A22A068336006DA8BA /* Preview Content */,
				C8F392B42A06AC1F006DA8BA /* ContactRowView.swift */,
				C8F392B82A06FBE2006DA8BA /* PersonDetailsRowView.swift */,
				C8F3929E2A068334006DA8BA /* ContentView.swift */,
				C8F392AC2A06843F006DA8BA /* ContactListView.swift */,
				C8F392AE2A068480006DA8BA /* NumberListView.swift */,
				C8F392B02A068C08006DA8BA /* PersonDetailsView.swift */,
				C8F3929C2A068334006DA8BA /* ContactList_withSUIApp.swift */,
			);
			path = ContactList_withSUI;
			sourceTree = "<group>";
		};
		C8F392A22A068336006DA8BA /* Preview Content */ = {
			isa = PBXGroup;
			children = (
				C8F392A32A068336006DA8BA /* Preview Assets.xcassets */,
			);
			path = "Preview Content";
			sourceTree = "<group>";
		};
		C8F392BA2A06FDE5006DA8BA /* Views */ = {
			isa = PBXGroup;
			children = (
			);
			path = Views;
			sourceTree = "<group>";
		};
		C8F392BB2A070E14006DA8BA /* Models */ = {
			isa = PBXGroup;
			children = (
				C8F392AA2A0683DF006DA8BA /* Person.swift */,
			);
			path = Models;
			sourceTree = "<group>";
		};
		C8F392BC2A070E21006DA8BA /* Service */ = {
			isa = PBXGroup;
			children = (
				C8F392B22A0691C2006DA8BA /* DataStore.swift */,
			);
			path = Service;
			sourceTree = "<group>";
		};
/* End PBXGroup section */

/* Begin PBXNativeTarget section */
		C8F392982A068334006DA8BA /* ContactList_withSUI */ = {
			isa = PBXNativeTarget;
			buildConfigurationList = C8F392A72A068336006DA8BA /* Build configuration list for PBXNativeTarget "ContactList_withSUI" */;
			buildPhases = (
				C8F392952A068334006DA8BA /* Sources */,
				C8F392962A068334006DA8BA /* Frameworks */,
				C8F392972A068334006DA8BA /* Resources */,
			);
			buildRules = (
			);
			dependencies = (
			);
			name = ContactList_withSUI;
			productName = ContactList_withSUI;
			productReference = C8F392992A068334006DA8BA /* ContactList_withSUI.app */;
			productType = "com.apple.product-type.application";
		};
/* End PBXNativeTarget section */

/* Begin PBXProject section */
		C8F392912A068334006DA8BA /* Project object */ = {
			isa = PBXProject;
			attributes = {
				BuildIndependentTargetsInParallel = 1;
				LastSwiftUpdateCheck = 1420;
				LastUpgradeCheck = 1420;
				TargetAttributes = {
					C8F392982A068334006DA8BA = {
						CreatedOnToolsVersion = 14.2;
					};
				};
			};
			buildConfigurationList = C8F392942A068334006DA8BA /* Build configuration list for PBXProject "ContactList_withSUI" */;
			compatibilityVersion = "Xcode 14.0";
			developmentRegion = en;
			hasScannedForEncodings = 0;
			knownRegions = (
				en,
				Base,
			);
			mainGroup = C8F392902A068334006DA8BA;
			productRefGroup = C8F3929A2A068334006DA8BA /* Products */;
			projectDirPath = "";
			projectRoot = "";
			targets = (
				C8F392982A068334006DA8BA /* ContactList_withSUI */,
			);
		};
/* End PBXProject section */

/* Begin PBXResourcesBuildPhase section */
		C8F392972A068334006DA8BA /* Resources */ = {
			isa = PBXResourcesBuildPhase;
			buildActionMask = 2147483647;
			files = (
				C8F392A42A068336006DA8BA /* Preview Assets.xcassets in Resources */,
				C8F392A12A068336006DA8BA /* Assets.xcassets in Resources */,
			);
			runOnlyForDeploymentPostprocessing = 0;
		};
/* End PBXResourcesBuildPhase section */

/* Begin PBXSourcesBuildPhase section */
		C8F392952A068334006DA8BA /* Sources */ = {
			isa = PBXSourcesBuildPhase;
			buildActionMask = 2147483647;
			files = (
				C8F392B32A0691C2006DA8BA /* DataStore.swift in Sources */,
				C8F392B12A068C08006DA8BA /* PersonDetailsView.swift in Sources */,
				C8F392AB2A0683DF006DA8BA /* Person.swift in Sources */,
				C8F392AF2A068480006DA8BA /* NumberListView.swift in Sources */,
				C8F3929F2A068334006DA8BA /* ContentView.swift in Sources */,
				C8F3929D2A068334006DA8BA /* ContactList_withSUIApp.swift in Sources */,
				C8F392B52A06AC1F006DA8BA /* ContactRowView.swift in Sources */,
				C8F392AD2A06843F006DA8BA /* ContactListView.swift in Sources */,
				C8F392B92A06FBE2006DA8BA /* PersonDetailsRowView.swift in Sources */,
			);
			runOnlyForDeploymentPostprocessing = 0;
		};
/* End PBXSourcesBuildPhase section */

/* Begin XCBuildConfiguration section */
		C8F392A52A068336006DA8BA /* Debug */ = {
			isa = XCBuildConfiguration;
			buildSettings = {
				ALWAYS_SEARCH_USER_PATHS = NO;
				CLANG_ANALYZER_NONNULL = YES;
				CLANG_ANALYZER_NUMBER_OBJECT_CONVERSION = YES_AGGRESSIVE;
				CLANG_CXX_LANGUAGE_STANDARD = "gnu++20";
				CLANG_ENABLE_MODULES = YES;
				CLANG_ENABLE_OBJC_ARC = YES;
				CLANG_ENABLE_OBJC_WEAK = YES;
				CLANG_WARN_BLOCK_CAPTURE_AUTORELEASING = YES;
				CLANG_WARN_BOOL_CONVERSION = YES;
				CLANG_WARN_COMMA = YES;
				CLANG_WARN_CONSTANT_CONVERSION = YES;
				CLANG_WARN_DEPRECATED_OBJC_IMPLEMENTATIONS = YES;
				CLANG_WARN_DIRECT_OBJC_ISA_USAGE = YES_ERROR;
				CLANG_WARN_DOCUMENTATION_COMMENTS = YES;
				CLANG_WARN_EMPTY_BODY = YES;
				CLANG_WARN_ENUM_CONVERSION = YES;
				CLANG_WARN_INFINITE_RECURSION = YES;
				CLANG_WARN_INT_CONVERSION = YES;
				CLANG_WARN_NON_LITERAL_NULL_CONVERSION = YES;
				CLANG_WARN_OBJC_IMPLICIT_RETAIN_SELF = YES;
				CLANG_WARN_OBJC_LITERAL_CONVERSION = YES;
				CLANG_WARN_OBJC_ROOT_CLASS = YES_ERROR;
				CLANG_WARN_QUOTED_INCLUDE_IN_FRAMEWORK_HEADER = YES;
				CLANG_WARN_RANGE_LOOP_ANALYSIS = YES;
				CLANG_WARN_STRICT_PROTOTYPES = YES;
				CLANG_WARN_SUSPICIOUS_MOVE = YES;
				CLANG_WARN_UNGUARDED_AVAILABILITY = YES_AGGRESSIVE;
				CLANG_WARN_UNREACHABLE_CODE = YES;
				CLANG_WARN__DUPLICATE_METHOD_MATCH = YES;
				COPY_PHASE_STRIP = NO;
				DEBUG_INFORMATION_FORMAT = dwarf;
				ENABLE_STRICT_OBJC_MSGSEND = YES;
				ENABLE_TESTABILITY = YES;
				GCC_C_LANGUAGE_STANDARD = gnu11;
				GCC_DYNAMIC_NO_PIC = NO;
				GCC_NO_COMMON_BLOCKS = YES;
				GCC_OPTIMIZATION_LEVEL = 0;
				GCC_PREPROCESSOR_DEFINITIONS = (
					"DEBUG=1",
					"$(inherited)",
				);
				GCC_WARN_64_TO_32_BIT_CONVERSION = YES;
				GCC_WARN_ABOUT_RETURN_TYPE = YES_ERROR;
				GCC_WARN_UNDECLARED_SELECTOR = YES;
				GCC_WARN_UNINITIALIZED_AUTOS = YES_AGGRESSIVE;
				GCC_WARN_UNUSED_FUNCTION = YES;
				GCC_WARN_UNUSED_VARIABLE = YES;
				IPHONEOS_DEPLOYMENT_TARGET = 16.2;
				MTL_ENABLE_DEBUG_INFO = INCLUDE_SOURCE;
				MTL_FAST_MATH = YES;
				ONLY_ACTIVE_ARCH = YES;
				SDKROOT = iphoneos;
				SWIFT_ACTIVE_COMPILATION_CONDITIONS = DEBUG;
				SWIFT_OPTIMIZATION_LEVEL = "-Onone";
			};
			name = Debug;
		};
		C8F392A62A068336006DA8BA /* Release */ = {
			isa = XCBuildConfiguration;
			buildSettings = {
				ALWAYS_SEARCH_USER_PATHS = NO;
				CLANG_ANALYZER_NONNULL = YES;
				CLANG_ANALYZER_NUMBER_OBJECT_CONVERSION = YES_AGGRESSIVE;
				CLANG_CXX_LANGUAGE_STANDARD = "gnu++20";
				CLANG_ENABLE_MODULES = YES;
				CLANG_ENABLE_OBJC_ARC = YES;
				CLANG_ENABLE_OBJC_WEAK = YES;
				CLANG_WARN_BLOCK_CAPTURE_AUTORELEASING = YES;
				CLANG_WARN_BOOL_CONVERSION = YES;
				CLANG_WARN_COMMA = YES;
				CLANG_WARN_CONSTANT_CONVERSION = YES;
				CLANG_WARN_DEPRECATED_OBJC_IMPLEMENTATIONS = YES;
				CLANG_WARN_DIRECT_OBJC_ISA_USAGE = YES_ERROR;
				CLANG_WARN_DOCUMENTATION_COMMENTS = YES;
				CLANG_WARN_EMPTY_BODY = YES;
				CLANG_WARN_ENUM_CONVERSION = YES;
				CLANG_WARN_INFINITE_RECURSION = YES;
				CLANG_WARN_INT_CONVERSION = YES;
				CLANG_WARN_NON_LITERAL_NULL_CONVERSION = YES;
				CLANG_WARN_OBJC_IMPLICIT_RETAIN_SELF = YES;
				CLANG_WARN_OBJC_LITERAL_CONVERSION = YES;
				CLANG_WARN_OBJC_ROOT_CLASS = YES_ERROR;
				CLANG_WARN_QUOTED_INCLUDE_IN_FRAMEWORK_HEADER = YES;
				CLANG_WARN_RANGE_LOOP_ANALYSIS = YES;
				CLANG_WARN_STRICT_PROTOTYPES = YES;
				CLANG_WARN_SUSPICIOUS_MOVE = YES;
				CLANG_WARN_UNGUARDED_AVAILABILITY = YES_AGGRESSIVE;
				CLANG_WARN_UNREACHABLE_CODE = YES;
				CLANG_WARN__DUPLICATE_METHOD_MATCH = YES;
				COPY_PHASE_STRIP = NO;
				DEBUG_INFORMATION_FORMAT = "dwarf-with-dsym";
				ENABLE_NS_ASSERTIONS = NO;
				ENABLE_STRICT_OBJC_MSGSEND = YES;
				GCC_C_LANGUAGE_STANDARD = gnu11;
				GCC_NO_COMMON_BLOCKS = YES;
				GCC_WARN_64_TO_32_BIT_CONVERSION = YES;
				GCC_WARN_ABOUT_RETURN_TYPE = YES_ERROR;
				GCC_WARN_UNDECLARED_SELECTOR = YES;
				GCC_WARN_UNINITIALIZED_AUTOS = YES_AGGRESSIVE;
				GCC_WARN_UNUSED_FUNCTION = YES;
				GCC_WARN_UNUSED_VARIABLE = YES;
				IPHONEOS_DEPLOYMENT_TARGET = 16.2;
				MTL_ENABLE_DEBUG_INFO = NO;
				MTL_FAST_MATH = YES;
				SDKROOT = iphoneos;
				SWIFT_COMPILATION_MODE = wholemodule;
				SWIFT_OPTIMIZATION_LEVEL = "-O";
				VALIDATE_PRODUCT = YES;
			};
			name = Release;
		};
		C8F392A82A068336006DA8BA /* Debug */ = {
			isa = XCBuildConfiguration;
			buildSettings = {
				ASSETCATALOG_COMPILER_APPICON_NAME = AppIcon;
				ASSETCATALOG_COMPILER_GLOBAL_ACCENT_COLOR_NAME = AccentColor;
				CODE_SIGN_STYLE = Automatic;
				CURRENT_PROJECT_VERSION = 1;
				DEVELOPMENT_ASSET_PATHS = "\"ContactList_withSUI/Preview Content\"";
				DEVELOPMENT_TEAM = 3ZU3FM55GA;
				ENABLE_PREVIEWS = YES;
				GENERATE_INFOPLIST_FILE = YES;
				INFOPLIST_KEY_UIApplicationSceneManifest_Generation = YES;
				INFOPLIST_KEY_UIApplicationSupportsIndirectInputEvents = YES;
				INFOPLIST_KEY_UILaunchScreen_Generation = YES;
				INFOPLIST_KEY_UISupportedInterfaceOrientations_iPad = "UIInterfaceOrientationPortrait UIInterfaceOrientationPortraitUpsideDown UIInterfaceOrientationLandscapeLeft UIInterfaceOrientationLandscapeRight";
				INFOPLIST_KEY_UISupportedInterfaceOrientations_iPhone = "UIInterfaceOrientationPortrait UIInterfaceOrientationLandscapeLeft UIInterfaceOrientationLandscapeRight";
				LD_RUNPATH_SEARCH_PATHS = (
					"$(inherited)",
					"@executable_path/Frameworks",
				);
				MARKETING_VERSION = 1.0;
				PRODUCT_BUNDLE_IDENTIFIER = "ru.swiftbook.ContactList-withSUI";
				PRODUCT_NAME = "$(TARGET_NAME)";
				SWIFT_EMIT_LOC_STRINGS = YES;
				SWIFT_VERSION = 5.0;
				TARGETED_DEVICE_FAMILY = "1,2";
			};
			name = Debug;
		};
		C8F392A92A068336006DA8BA /* Release */ = {
			isa = XCBuildConfiguration;
			buildSettings = {
				ASSETCATALOG_COMPILER_APPICON_NAME = AppIcon;
				ASSETCATALOG_COMPILER_GLOBAL_ACCENT_COLOR_NAME = AccentColor;
				CODE_SIGN_STYLE = Automatic;
				CURRENT_PROJECT_VERSION = 1;
				DEVELOPMENT_ASSET_PATHS = "\"ContactList_withSUI/Preview Content\"";
				DEVELOPMENT_TEAM = 3ZU3FM55GA;
				ENABLE_PREVIEWS = YES;
				GENERATE_INFOPLIST_FILE = YES;
				INFOPLIST_KEY_UIApplicationSceneManifest_Generation = YES;
				INFOPLIST_KEY_UIApplicationSupportsIndirectInputEvents = YES;
				INFOPLIST_KEY_UILaunchScreen_Generation = YES;
				INFOPLIST_KEY_UISupportedInterfaceOrientations_iPad = "UIInterfaceOrientationPortrait UIInterfaceOrientationPortraitUpsideDown UIInterfaceOrientationLandscapeLeft UIInterfaceOrientationLandscapeRight";
				INFOPLIST_KEY_UISupportedInterfaceOrientations_iPhone = "UIInterfaceOrientationPortrait UIInterfaceOrientationLandscapeLeft UIInterfaceOrientationLandscapeRight";
				LD_RUNPATH_SEARCH_PATHS = (
					"$(inherited)",
					"@executable_path/Frameworks",
				);
				MARKETING_VERSION = 1.0;
				PRODUCT_BUNDLE_IDENTIFIER = "ru.swiftbook.ContactList-withSUI";
				PRODUCT_NAME = "$(TARGET_NAME)";
				SWIFT_EMIT_LOC_STRINGS = YES;
				SWIFT_VERSION = 5.0;
				TARGETED_DEVICE_FAMILY = "1,2";
			};
			name = Release;
		};
/* End XCBuildConfiguration section */

/* Begin XCConfigurationList section */
		C8F392942A068334006DA8BA /* Build configuration list for PBXProject "ContactList_withSUI" */ = {
			isa = XCConfigurationList;
			buildConfigurations = (
				C8F392A52A068336006DA8BA /* Debug */,
				C8F392A62A068336006DA8BA /* Release */,
			);
			defaultConfigurationIsVisible = 0;
			defaultConfigurationName = Release;
		};
		C8F392A72A068336006DA8BA /* Build configuration list for PBXNativeTarget "ContactList_withSUI" */ = {
			isa = XCConfigurationList;
			buildConfigurations = (
				C8F392A82A068336006DA8BA /* Debug */,
				C8F392A92A068336006DA8BA /* Release */,
			);
			defaultConfigurationIsVisible = 0;
			defaultConfigurationName = Release;
		};
/* End XCConfigurationList section */
	};
	rootObject = C8F392912A068334006DA8BA /* Project object */;
}
